// !$*UTF8*$!
{
	archiveVersion = 1;
	classes = {
	};
	objectVersion = 46;
	objects = {

/* Begin PBXBuildFile section */
		051FDC2F1CB06B660084A4BF /* HTAppDelegate.swift in Sources */ = {isa = PBXBuildFile; fileRef = 051FDC2E1CB06B660084A4BF /* HTAppDelegate.swift */; };
		051FDC311CB06B670084A4BF /* HTViewController.swift in Sources */ = {isa = PBXBuildFile; fileRef = 051FDC301CB06B670084A4BF /* HTViewController.swift */; };
		051FDC361CB06B670084A4BF /* Assets.xcassets in Resources */ = {isa = PBXBuildFile; fileRef = 051FDC351CB06B670084A4BF /* Assets.xcassets */; };
		051FDC391CB06B670084A4BF /* LaunchScreen.storyboard in Resources */ = {isa = PBXBuildFile; fileRef = 051FDC371CB06B670084A4BF /* LaunchScreen.storyboard */; };
		051FDC411CB070420084A4BF /* HTPhotosTableViewController.swift in Sources */ = {isa = PBXBuildFile; fileRef = 051FDC401CB070420084A4BF /* HTPhotosTableViewController.swift */; };
		051FDC431CB070BF0084A4BF /* HTPhotoItem.swift in Sources */ = {isa = PBXBuildFile; fileRef = 051FDC421CB070BF0084A4BF /* HTPhotoItem.swift */; };
		051FDC471CB0716A0084A4BF /* HTPhotoItemTableViewCell.swift in Sources */ = {isa = PBXBuildFile; fileRef = 051FDC461CB0716A0084A4BF /* HTPhotoItemTableViewCell.swift */; };
		051FDC491CB074280084A4BF /* HTPhotoItemGenerator.swift in Sources */ = {isa = PBXBuildFile; fileRef = 051FDC481CB074280084A4BF /* HTPhotoItemGenerator.swift */; };
		05BEC4801CB0AAC00030CB1C /* HTQuoteGenerator.swift in Sources */ = {isa = PBXBuildFile; fileRef = 05BEC47F1CB0AAC00030CB1C /* HTQuoteGenerator.swift */; };
		05BEC4821CB0AC990030CB1C /* magna.json in Resources */ = {isa = PBXBuildFile; fileRef = 05BEC4811CB0AC990030CB1C /* magna.json */; };
/* End PBXBuildFile section */

/* Begin PBXFileReference section */
		051FDC2B1CB06B660084A4BF /* ScrollingPerformance.app */ = {isa = PBXFileReference; explicitFileType = wrapper.application; includeInIndex = 0; path = ScrollingPerformance.app; sourceTree = BUILT_PRODUCTS_DIR; };
		051FDC2E1CB06B660084A4BF /* HTAppDelegate.swift */ = {isa = PBXFileReference; lastKnownFileType = sourcecode.swift; path = HTAppDelegate.swift; sourceTree = "<group>"; };
		051FDC301CB06B670084A4BF /* HTViewController.swift */ = {isa = PBXFileReference; lastKnownFileType = sourcecode.swift; path = HTViewController.swift; sourceTree = "<group>"; };
		051FDC351CB06B670084A4BF /* Assets.xcassets */ = {isa = PBXFileReference; lastKnownFileType = folder.assetcatalog; path = Assets.xcassets; sourceTree = "<group>"; };
		051FDC381CB06B670084A4BF /* Base */ = {isa = PBXFileReference; lastKnownFileType = file.storyboard; name = Base; path = Base.lproj/LaunchScreen.storyboard; sourceTree = "<group>"; };
		051FDC3A1CB06B670084A4BF /* Info.plist */ = {isa = PBXFileReference; lastKnownFileType = text.plist.xml; path = Info.plist; sourceTree = "<group>"; };
		051FDC401CB070420084A4BF /* HTPhotosTableViewController.swift */ = {isa = PBXFileReference; fileEncoding = 4; lastKnownFileType = sourcecode.swift; path = HTPhotosTableViewController.swift; sourceTree = "<group>"; };
		051FDC421CB070BF0084A4BF /* HTPhotoItem.swift */ = {isa = PBXFileReference; fileEncoding = 4; lastKnownFileType = sourcecode.swift; path = HTPhotoItem.swift; sourceTree = "<group>"; };
		051FDC461CB0716A0084A4BF /* HTPhotoItemTableViewCell.swift */ = {isa = PBXFileReference; fileEncoding = 4; lastKnownFileType = sourcecode.swift; path = HTPhotoItemTableViewCell.swift; sourceTree = "<group>"; };
		051FDC481CB074280084A4BF /* HTPhotoItemGenerator.swift */ = {isa = PBXFileReference; fileEncoding = 4; lastKnownFileType = sourcecode.swift; path = HTPhotoItemGenerator.swift; sourceTree = "<group>"; };
		05BEC47F1CB0AAC00030CB1C /* HTQuoteGenerator.swift */ = {isa = PBXFileReference; fileEncoding = 4; lastKnownFileType = sourcecode.swift; path = HTQuoteGenerator.swift; sourceTree = "<group>"; };
		05BEC4811CB0AC990030CB1C /* magna.json */ = {isa = PBXFileReference; fileEncoding = 4; lastKnownFileType = text.json; path = magna.json; sourceTree = "<group>"; };
/* End PBXFileReference section */

/* Begin PBXFrameworksBuildPhase section */
		051FDC281CB06B660084A4BF /* Frameworks */ = {
			isa = PBXFrameworksBuildPhase;
			buildActionMask = 2147483647;
			files = (
			);
			runOnlyForDeploymentPostprocessing = 0;
		};
/* End PBXFrameworksBuildPhase section */

/* Begin PBXGroup section */
		051FDC221CB06B660084A4BF = {
			isa = PBXGroup;
			children = (
				051FDC2D1CB06B660084A4BF /* ScrollingPerformance */,
				051FDC2C1CB06B660084A4BF /* Products */,
			);
			sourceTree = "<group>";
		};
		051FDC2C1CB06B660084A4BF /* Products */ = {
			isa = PBXGroup;
			children = (
				051FDC2B1CB06B660084A4BF /* ScrollingPerformance.app */,
			);
			name = Products;
			sourceTree = "<group>";
		};
		051FDC2D1CB06B660084A4BF /* ScrollingPerformance */ = {
			isa = PBXGroup;
			children = (
				05BEC4811CB0AC990030CB1C /* magna.json */,
				051FDC2E1CB06B660084A4BF /* HTAppDelegate.swift */,
				051FDC421CB070BF0084A4BF /* HTPhotoItem.swift */,
				051FDC401CB070420084A4BF /* HTPhotosTableViewController.swift */,
				051FDC301CB06B670084A4BF /* HTViewController.swift */,
				051FDC351CB06B670084A4BF /* Assets.xcassets */,
				051FDC371CB06B670084A4BF /* LaunchScreen.storyboard */,
				051FDC3A1CB06B670084A4BF /* Info.plist */,
				051FDC461CB0716A0084A4BF /* HTPhotoItemTableViewCell.swift */,
				051FDC481CB074280084A4BF /* HTPhotoItemGenerator.swift */,
				05BEC47F1CB0AAC00030CB1C /* HTQuoteGenerator.swift */,
			);
			path = ScrollingPerformance;
			sourceTree = "<group>";
		};
/* End PBXGroup section */

/* Begin PBXNativeTarget section */
		051FDC2A1CB06B660084A4BF /* ScrollingPerformance */ = {
			isa = PBXNativeTarget;
			buildConfigurationList = 051FDC3D1CB06B670084A4BF /* Build configuration list for PBXNativeTarget "ScrollingPerformance" */;
			buildPhases = (
				051FDC271CB06B660084A4BF /* Sources */,
				051FDC281CB06B660084A4BF /* Frameworks */,
				051FDC291CB06B660084A4BF /* Resources */,
			);
			buildRules = (
			);
			dependencies = (
			);
			name = ScrollingPerformance;
			productName = ScrollingPerformance;
			productReference = 051FDC2B1CB06B660084A4BF /* ScrollingPerformance.app */;
			productType = "com.apple.product-type.application";
		};
/* End PBXNativeTarget section */

/* Begin PBXProject section */
		051FDC231CB06B660084A4BF /* Project object */ = {
			isa = PBXProject;
			attributes = {
				CLASSPREFIX = HT;
				LastSwiftUpdateCheck = 0720;
				LastUpgradeCheck = 0720;
				ORGANIZATIONNAME = "Hotel Tonight";
				TargetAttributes = {
					051FDC2A1CB06B660084A4BF = {
						CreatedOnToolsVersion = 7.2.1;
					};
				};
			};
			buildConfigurationList = 051FDC261CB06B660084A4BF /* Build configuration list for PBXProject "ScrollingPerformance" */;
			compatibilityVersion = "Xcode 3.2";
			developmentRegion = English;
			hasScannedForEncodings = 0;
			knownRegions = (
				en,
				Base,
			);
			mainGroup = 051FDC221CB06B660084A4BF;
			productRefGroup = 051FDC2C1CB06B660084A4BF /* Products */;
			projectDirPath = "";
			projectRoot = "";
			targets = (
				051FDC2A1CB06B660084A4BF /* ScrollingPerformance */,
			);
		};
/* End PBXProject section */

/* Begin PBXResourcesBuildPhase section */
		051FDC291CB06B660084A4BF /* Resources */ = {
			isa = PBXResourcesBuildPhase;
			buildActionMask = 2147483647;
			files = (
				05BEC4821CB0AC990030CB1C /* magna.json in Resources */,
				051FDC391CB06B670084A4BF /* LaunchScreen.storyboard in Resources */,
				051FDC361CB06B670084A4BF /* Assets.xcassets in Resources */,
			);
			runOnlyForDeploymentPostprocessing = 0;
		};
/* End PBXResourcesBuildPhase section */

/* Begin PBXSourcesBuildPhase section */
		051FDC271CB06B660084A4BF /* Sources */ = {
			isa = PBXSourcesBuildPhase;
			buildActionMask = 2147483647;
			files = (
				05BEC4801CB0AAC00030CB1C /* HTQuoteGenerator.swift in Sources */,
				051FDC311CB06B670084A4BF /* HTViewController.swift in Sources */,
				051FDC431CB070BF0084A4BF /* HTPhotoItem.swift in Sources */,
				051FDC411CB070420084A4BF /* HTPhotosTableViewController.swift in Sources */,
				051FDC2F1CB06B660084A4BF /* HTAppDelegate.swift in Sources */,
				051FDC471CB0716A0084A4BF /* HTPhotoItemTableViewCell.swift in Sources */,
				051FDC491CB074280084A4BF /* HTPhotoItemGenerator.swift in Sources */,
			);
			runOnlyForDeploymentPostprocessing = 0;
		};
/* End PBXSourcesBuildPhase section */

/* Begin PBXVariantGroup section */
		051FDC371CB06B670084A4BF /* LaunchScreen.storyboard */ = {
			isa = PBXVariantGroup;
			children = (
				051FDC381CB06B670084A4BF /* Base */,
			);
			name = LaunchScreen.storyboard;
			sourceTree = "<group>";
		};
/* End PBXVariantGroup section */

/* Begin XCBuildConfiguration section */
		051FDC3B1CB06B670084A4BF /* Debug */ = {
			isa = XCBuildConfiguration;
			buildSettings = {
				ALWAYS_SEARCH_USER_PATHS = NO;
				CLANG_CXX_LANGUAGE_STANDARD = "gnu++0x";
				CLANG_CXX_LIBRARY = "libc++";
				CLANG_ENABLE_MODULES = YES;
				CLANG_ENABLE_OBJC_ARC = YES;
				CLANG_WARN_BOOL_CONVERSION = YES;
				CLANG_WARN_CONSTANT_CONVERSION = YES;
				CLANG_WARN_DIRECT_OBJC_ISA_USAGE = YES_ERROR;
				CLANG_WARN_EMPTY_BODY = YES;
				CLANG_WARN_ENUM_CONVERSION = YES;
				CLANG_WARN_INT_CONVERSION = YES;
				CLANG_WARN_OBJC_ROOT_CLASS = YES_ERROR;
				CLANG_WARN_UNREACHABLE_CODE = YES;
				CLANG_WARN__DUPLICATE_METHOD_MATCH = YES;
				"CODE_SIGN_IDENTITY[sdk=iphoneos*]" = "iPhone Developer";
				COPY_PHASE_STRIP = NO;
				DEBUG_INFORMATION_FORMAT = dwarf;
				ENABLE_STRICT_OBJC_MSGSEND = YES;
				ENABLE_TESTABILITY = YES;
				GCC_C_LANGUAGE_STANDARD = gnu99;
				GCC_DYNAMIC_NO_PIC = NO;
				GCC_NO_COMMON_BLOCKS = YES;
				GCC_OPTIMIZATION_LEVEL = 0;
				GCC_PREPROCESSOR_DEFINITIONS = (
					"DEBUG=1",
					"$(inherited)",
				);
				GCC_WARN_64_TO_32_BIT_CONVERSION = YES;
				GCC_WARN_ABOUT_RETURN_TYPE = YES_ERROR;
				GCC_WARN_UNDECLARED_SELECTOR = YES;
				GCC_WARN_UNINITIALIZED_AUTOS = YES_AGGRESSIVE;
				GCC_WARN_UNUSED_FUNCTION = YES;
				GCC_WARN_UNUSED_VARIABLE = YES;
				IPHONEOS_DEPLOYMENT_TARGET = 9.2;
				MTL_ENABLE_DEBUG_INFO = YES;
				ONLY_ACTIVE_ARCH = YES;
				SDKROOT = iphoneos;
				SWIFT_OPTIMIZATION_LEVEL = "-Onone";
			};
			name = Debug;
		};
		051FDC3C1CB06B670084A4BF /* Release */ = {
			isa = XCBuildConfiguration;
			buildSettings = {
				ALWAYS_SEARCH_USER_PATHS = NO;
				CLANG_CXX_LANGUAGE_STANDARD = "gnu++0x";
				CLANG_CXX_LIBRARY = "libc++";
				CLANG_ENABLE_MODULES = YES;
				CLANG_ENABLE_OBJC_ARC = YES;
				CLANG_WARN_BOOL_CONVERSION = YES;
				CLANG_WARN_CONSTANT_CONVERSION = YES;
				CLANG_WARN_DIRECT_OBJC_ISA_USAGE = YES_ERROR;
				CLANG_WARN_EMPTY_BODY = YES;
				CLANG_WARN_ENUM_CONVERSION = YES;
				CLANG_WARN_INT_CONVERSION = YES;
				CLANG_WARN_OBJC_ROOT_CLASS = YES_ERROR;
				CLANG_WARN_UNREACHABLE_CODE = YES;
				CLANG_WARN__DUPLICATE_METHOD_MATCH = YES;
				"CODE_SIGN_IDENTITY[sdk=iphoneos*]" = "iPhone Developer";
				COPY_PHASE_STRIP = NO;
				DEBUG_INFORMATION_FORMAT = "dwarf-with-dsym";
				ENABLE_NS_ASSERTIONS = NO;
				ENABLE_STRICT_OBJC_MSGSEND = YES;
				GCC_C_LANGUAGE_STANDARD = gnu99;
				GCC_NO_COMMON_BLOCKS = YES;
				GCC_WARN_64_TO_32_BIT_CONVERSION = YES;
				GCC_WARN_ABOUT_RETURN_TYPE = YES_ERROR;
				GCC_WARN_UNDECLARED_SELECTOR = YES;
				GCC_WARN_UNINITIALIZED_AUTOS = YES_AGGRESSIVE;
				GCC_WARN_UNUSED_FUNCTION = YES;
				GCC_WARN_UNUSED_VARIABLE = YES;
				IPHONEOS_DEPLOYMENT_TARGET = 9.2;
				MTL_ENABLE_DEBUG_INFO = NO;
				SDKROOT = iphoneos;
				VALIDATE_PRODUCT = YES;
			};
			name = Release;
		};
		051FDC3E1CB06B670084A4BF /* Debug */ = {
			isa = XCBuildConfiguration;
			buildSettings = {
				ASSETCATALOG_COMPILER_APPICON_NAME = AppIcon;
				DEBUG_INFORMATION_FORMAT = "dwarf-with-dsym";
				INFOPLIST_FILE = ScrollingPerformance/Info.plist;
				LD_RUNPATH_SEARCH_PATHS = "$(inherited) @executable_path/Frameworks";
				PRODUCT_BUNDLE_IDENTIFIER = com.hoteltonight.ScrollingPerformance;
				PRODUCT_NAME = "$(TARGET_NAME)";
			};
			name = Debug;
		};
		051FDC3F1CB06B670084A4BF /* Release */ = {
			isa = XCBuildConfiguration;
			buildSettings = {
				ASSETCATALOG_COMPILER_APPICON_NAME = AppIcon;
				INFOPLIST_FILE = ScrollingPerformance/Info.plist;
				LD_RUNPATH_SEARCH_PATHS = "$(inherited) @executable_path/Frameworks";
				PRODUCT_BUNDLE_IDENTIFIER = com.hoteltonight.ScrollingPerformance;
				PRODUCT_NAME = "$(TARGET_NAME)";
			};
			name = Release;
		};
/* End XCBuildConfiguration section */

/* Begin XCConfigurationList section */
		051FDC261CB06B660084A4BF /* Build configuration list for PBXProject "ScrollingPerformance" */ = {
			isa = XCConfigurationList;
			buildConfigurations = (
				051FDC3B1CB06B670084A4BF /* Debug */,
				051FDC3C1CB06B670084A4BF /* Release */,
			);
			defaultConfigurationIsVisible = 0;
			defaultConfigurationName = Release;
		};
		051FDC3D1CB06B670084A4BF /* Build configuration list for PBXNativeTarget "ScrollingPerformance" */ = {
			isa = XCConfigurationList;
			buildConfigurations = (
				051FDC3E1CB06B670084A4BF /* Debug */,
				051FDC3F1CB06B670084A4BF /* Release */,
			);
			defaultConfigurationIsVisible = 0;
			defaultConfigurationName = Release;
		};
/* End XCConfigurationList section */
	};
	rootObject = 051FDC231CB06B660084A4BF /* Project object */;
}
